
Microsoft Visual Studio Solution File, Format Version 12.00
# Visual Studio Version 17
VisualStudioVersion = 17.7.34024.191
MinimumVisualStudioVersion = 10.0.40219.1
Project("{FAE04EC0-301F-11D3-BF4B-00C04F79EFBC}") = "Task 1", "Laba 2\Task 1.csproj", "{0346EDD4-9D02-4942-A35C-64A173F9F249}"
EndProject
Project("{FAE04EC0-301F-11D3-BF4B-00C04F79EFBC}") = "Task 3", "Task 2\Task 3.csproj", "{5BD20822-465D-422D-BC6F-A47EB7B8C6C1}"
EndProject
Project("{FAE04EC0-301F-11D3-BF4B-00C04F79EFBC}") = "Task 2", "ConsoleApp1\Task 2.csproj", "{2C6E0118-8CE1-44DF-BF7B-ACDCBB548D7A}"
EndProject
Global
	GlobalSection(SolutionConfigurationPlatforms) = preSolution
		Debug|Any CPU = Debug|Any CPU
		Release|Any CPU = Release|Any CPU
	EndGlobalSection
	GlobalSection(ProjectConfigurationPlatforms) = postSolution
		{0346EDD4-9D02-4942-A35C-64A173F9F249}.Debug|Any CPU.ActiveCfg = Debug|Any CPU
		{0346EDD4-9D02-4942-A35C-64A173F9F249}.Debug|Any CPU.Build.0 = Debug|Any CPU
		{0346EDD4-9D02-4942-A35C-64A173F9F249}.Release|Any CPU.ActiveCfg = Release|Any CPU
		{0346EDD4-9D02-4942-A35C-64A173F9F249}.Release|Any CPU.Build.0 = Release|Any CPU
		{5BD20822-465D-422D-BC6F-A47EB7B8C6C1}.Debug|Any CPU.ActiveCfg = Debug|Any CPU
		{5BD20822-465D-422D-BC6F-A47EB7B8C6C1}.Debug|Any CPU.Build.0 = Debug|Any CPU
		{5BD20822-465D-422D-BC6F-A47EB7B8C6C1}.Release|Any CPU.ActiveCfg = Release|Any CPU
		{5BD20822-465D-422D-BC6F-A47EB7B8C6C1}.Release|Any CPU.Build.0 = Release|Any CPU
		{2C6E0118-8CE1-44DF-BF7B-ACDCBB548D7A}.Debug|Any CPU.ActiveCfg = Debug|Any CPU
		{2C6E0118-8CE1-44DF-BF7B-ACDCBB548D7A}.Debug|Any CPU.Build.0 = Debug|Any CPU
		{2C6E0118-8CE1-44DF-BF7B-ACDCBB548D7A}.Release|Any CPU.ActiveCfg = Release|Any CPU
		{2C6E0118-8CE1-44DF-BF7B-ACDCBB548D7A}.Release|Any CPU.Build.0 = Release|Any CPU
	EndGlobalSection
	GlobalSection(SolutionProperties) = preSolution
		HideSolutionNode = FALSE
	EndGlobalSection
	GlobalSection(ExtensibilityGlobals) = postSolution
		SolutionGuid = {CBC930E1-FD70-4C04-9EBA-D6425E27ACFE}
	EndGlobalSection
EndGlobal
